// !$*UTF8*$!
{
	archiveVersion = 1;
	classes = {
	};
	objectVersion = 56;
	objects = {

/* Begin PBXBuildFile section */
		05EE9C9F5639484BA9BA6FF2 /* TabManager.swift in Sources */ = {isa = PBXBuildFile; fileRef = BFE04E67D090450B987F05FB /* TabManager.swift */; };
		09129B1EA0E24FB4AFE10189 /* ReaderViewController.swift in Sources */ = {isa = PBXBuildFile; fileRef = E248C7687DE44E8C99A7001F /* ReaderViewController.swift */; };
		1F1ED11741F74753815644DF /* SearchEngineManager.swift in Sources */ = {isa = PBXBuildFile; fileRef = 9BEFF87E8CE24C4584724613 /* SearchEngineManager.swift */; };
		225CD882697F4D4E83068A67 /* BrowserTab.swift in Sources */ = {isa = PBXBuildFile; fileRef = 094FFB3CDC234AA8BFFC8140 /* BrowserTab.swift */; };
		39B5B31AA5B34064830D0554 /* DownloadsViewController.swift in Sources */ = {isa = PBXBuildFile; fileRef = ED5EF1A8CF7C4FDF9609AC37 /* DownloadsViewController.swift */; };
		3E002237DEF54CE88D630EE4 /* ViewController.swift in Sources */ = {isa = PBXBuildFile; fileRef = 12BD4B168F4A48569EA59EC0 /* ViewController.swift */; };
		47C017E84DF14D329312A9B6 /* Theme.swift in Sources */ = {isa = PBXBuildFile; fileRef = 1779FCB4C5AF48C29F8F9FFA /* Theme.swift */; };
		48C0A4946FCF422DB594031C /* ReadingListStore.swift in Sources */ = {isa = PBXBuildFile; fileRef = E0348F54E284419696A84A8F /* ReadingListStore.swift */; };
		511134C2A659495F886AAE3C /* FindInPageScript.swift in Sources */ = {isa = PBXBuildFile; fileRef = 50D72133D7604D248E81F8DE /* FindInPageScript.swift */; };
		5F0B0037046543C181F800BC /* SceneDelegate.swift in Sources */ = {isa = PBXBuildFile; fileRef = 5D058F2F1254470E81555A52 /* SceneDelegate.swift */; };
		5F551AC16CAD4143A1593E53 /* LetterAvatarView.swift in Sources */ = {isa = PBXBuildFile; fileRef = 3979F26B75FD439E9108F7A7 /* LetterAvatarView.swift */; };
		6B4C522E50E446F0926CDF34 /* ShortcutStore.swift in Sources */ = {isa = PBXBuildFile; fileRef = 66D0F5E3C1654B9BAEB7C43B /* ShortcutStore.swift */; };
		7037106A32B340B980EF47E4 /* BookmarksViewController.swift in Sources */ = {isa = PBXBuildFile; fileRef = FE55FD77142842FAB1482D62 /* BookmarksViewController.swift */; };
		72902D8D6B914EADAB7C35DF /* DangerousSiteGuard.swift in Sources */ = {isa = PBXBuildFile; fileRef = 456119D548A6467F851BB6EE /* DangerousSiteGuard.swift */; };
		7C778606C8964F36874899A1 /* NewTabViewController.swift in Sources */ = {isa = PBXBuildFile; fileRef = DCDC601B9D5949C3A37929EE /* NewTabViewController.swift */; };
		7CF0C1E12B924A02BE0920B0 /* BrowserViewController.swift in Sources */ = {isa = PBXBuildFile; fileRef = 0B7E0BA721F0467CB355866F /* BrowserViewController.swift */; };
		7F319ABC1AF74FABA37DAF1D /* AppSettings.swift in Sources */ = {isa = PBXBuildFile; fileRef = D3B6BD940BB54D82A4066522 /* AppSettings.swift */; };
		81A1B2C3D4E54678A9B0C1D2 /* PrivateNewTabViewController.swift in Sources */ = {isa = PBXBuildFile; fileRef = 81A1B2C3D4E54678A9B0C1D3 /* PrivateNewTabViewController.swift */; };
		82A1B2C3D4E54678A9B0C1D2 /* ImageBlockManager.swift in Sources */ = {isa = PBXBuildFile; fileRef = 82A1B2C3D4E54678A9B0C1D3 /* ImageBlockManager.swift */; };
		B1C2D3E4F5A64789B0C1D2E4 /* PageCleanerStore.swift in Sources */ = {isa = PBXBuildFile; fileRef = B1C2D3E4F5A64789B0C1D2E3 /* PageCleanerStore.swift */; };
		B1C2D3E4F5A64789B0C1D2E6 /* PageCleanerManager.swift in Sources */ = {isa = PBXBuildFile; fileRef = B1C2D3E4F5A64789B0C1D2E5 /* PageCleanerManager.swift */; };
		B1C2D3E4F5A64789B0C1D2EA /* PageCleanerRulesViewController.swift in Sources */ = {isa = PBXBuildFile; fileRef = B1C2D3E4F5A64789B0C1D2E9 /* PageCleanerRulesViewController.swift */; };
		8059335243A34AE1899FAA49 /* ReadingListViewController.swift in Sources */ = {isa = PBXBuildFile; fileRef = A8F39F6791D34673BFA63E0B /* ReadingListViewController.swift */; };
		80CC8EC8F5864BAC97BF1E8E /* DiscoverMock.swift in Sources */ = {isa = PBXBuildFile; fileRef = F327BEAC2D914DAB9242A59E /* DiscoverMock.swift */; };
		813C7A167C0B42138866E92D /* MenuViewController.swift in Sources */ = {isa = PBXBuildFile; fileRef = D98DC3B0A2D148BEBE182F6C /* MenuViewController.swift */; };
		81FD47C9E67B4DE0B05CED50 /* ClearBrowsingDataViewController.swift in Sources */ = {isa = PBXBuildFile; fileRef = 60184C61D54C43279DFD80C9 /* ClearBrowsingDataViewController.swift */; };
		84E6B61D29CD5680001723AE /* Assets.xcassets in Resources */ = {isa = PBXBuildFile; fileRef = 84E6B61C29CD5680001723AE /* Assets.xcassets */; };
		84E6B62029CD5680001723AE /* LaunchScreen.storyboard in Resources */ = {isa = PBXBuildFile; fileRef = 84E6B61E29CD5680001723AE /* LaunchScreen.storyboard */; };
		8AFBF11FF64E4A1DB67FB6B5 /* HistoryStore.swift in Sources */ = {isa = PBXBuildFile; fileRef = 1BEF9DC2EA4A4FECB9B302B7 /* HistoryStore.swift */; };
		90F8BD6BD7DB43AF80342259 /* Toast.swift in Sources */ = {isa = PBXBuildFile; fileRef = 37FC46822386450BA067F7F5 /* Toast.swift */; };
		954C5137A7144B8C9E795785 /* AddressBarView.swift in Sources */ = {isa = PBXBuildFile; fileRef = A3A9332F6F8349D1B899F2EF /* AddressBarView.swift */; };
		A2930C25C97F4D61BD386517 /* WebViewController.swift in Sources */ = {isa = PBXBuildFile; fileRef = 92B3D348CEA04C5189003BC8 /* WebViewController.swift */; };
		A4153472FE2745C1842E61D9 /* FindInPageBar.swift in Sources */ = {isa = PBXBuildFile; fileRef = 84CA640C99484A4C865E5912 /* FindInPageBar.swift */; };
		A72010760AE142E88DC802F8 /* LongScreenshotCapturer.swift in Sources */ = {isa = PBXBuildFile; fileRef = 857CEEC48A6442E486F25CB1 /* LongScreenshotCapturer.swift */; };
		B2BA9449476846B08EE4A1BD /* GoogleLogoView.swift in Sources */ = {isa = PBXBuildFile; fileRef = 4CFD381780DE41D3B96A4B5A /* GoogleLogoView.swift */; };
		C58A1413B374481F93E6D824 /* URLInputResolver.swift in Sources */ = {isa = PBXBuildFile; fileRef = 72957411D4864AC0B8541064 /* URLInputResolver.swift */; };
		C5CC3025D67544A09B52DB05 /* OnboardingViewController.swift in Sources */ = {isa = PBXBuildFile; fileRef = D201F70CA9F44BF2B13F17C2 /* OnboardingViewController.swift */; };
		C6FE3A5ACA2542BD8010DE3F /* HistoryViewController.swift in Sources */ = {isa = PBXBuildFile; fileRef = 00A238E7FC51408BA0111F44 /* HistoryViewController.swift */; };
		C8E41A2B7F6D4A1E9B3C5D70 /* ScreenshotEditorViewController.swift in Sources */ = {isa = PBXBuildFile; fileRef = B7D30F1A6E5C492D8A2B4C61 /* ScreenshotEditorViewController.swift */; };
		DAC6847DF1C5402ABCCBABC5 /* BottomToolbarView.swift in Sources */ = {isa = PBXBuildFile; fileRef = 54722AEC801542858ECEB795 /* BottomToolbarView.swift */; };
		DBB117AB06114DC1B248B14A /* AppDelegate.swift in Sources */ = {isa = PBXBuildFile; fileRef = 84E02C1618E34EE4A38D4E1C /* AppDelegate.swift */; };
		DDC66117ECB14AA7AB16EF37 /* SettingsViewController.swift in Sources */ = {isa = PBXBuildFile; fileRef = 8DD96938CCB3479484E2D530 /* SettingsViewController.swift */; };
		E1A2B3C4D5E64789A0B1C2D3 /* ScreenshotPerf.swift in Sources */ = {isa = PBXBuildFile; fileRef = F1A2B3C4D5E64789A0B1C2D3 /* ScreenshotPerf.swift */; };
		E275E26CE7D145A49D4259E8 /* TabSwitcherViewController.swift in Sources */ = {isa = PBXBuildFile; fileRef = B67A0C2C8812465E960FEC7A /* TabSwitcherViewController.swift */; };
		E465FC0279854A2096A2DF80 /* AdBlockManager.swift in Sources */ = {isa = PBXBuildFile; fileRef = DD4B7DF4CC5F48C390C9325C /* AdBlockManager.swift */; };
		E926465A783245B4904A71AD /* YouTubeDarkMode.swift in Sources */ = {isa = PBXBuildFile; fileRef = F1EE201BBF964C068F934786 /* YouTubeDarkMode.swift */; };
		F28F14D6142F47C884D1BE09 /* DownloadManager.swift in Sources */ = {isa = PBXBuildFile; fileRef = 2647202205AE48D0A2EE427F /* DownloadManager.swift */; };
		F2B1B57129974773A3C8B6AF /* PrivacyInfoViewController.swift in Sources */ = {isa = PBXBuildFile; fileRef = E8CC67E16AD54E6D8184917D /* PrivacyInfoViewController.swift */; };
		F4230E564649AFAEA6DA985E /* Pods_MMBrowser.framework in Frameworks */ = {isa = PBXBuildFile; fileRef = B4BFF2E376570F7159D72FDE /* Pods_MMBrowser.framework */; };
		F5FAA4028A4D495EA2A0FB69 /* BookmarkStore.swift in Sources */ = {isa = PBXBuildFile; fileRef = DD046D8ACFAE4B96AF0715F6 /* BookmarkStore.swift */; };
		2407C85515E24617A4EF10BA /* YouTubeShortsFocus.swift in Sources */ = {isa = PBXBuildFile; fileRef = 80B4B9A76DFE4E32A1FD3ADD /* YouTubeShortsFocus.swift */; };
		C718289B0C194FE69766C497 /* YouTubeAdShield.swift in Sources */ = {isa = PBXBuildFile; fileRef = 06A90094244742E9A90F6D53 /* YouTubeAdShield.swift */; };
		09FB7CC9808A4DD0A7C8E3AC /* MediaPlaybackSupport.swift in Sources */ = {isa = PBXBuildFile; fileRef = 2F17FA7E6B9649618EC381DB /* MediaPlaybackSupport.swift */; };
		7327DB1D31CC49F6AF6A888E /* FilterUpdateManager.swift in Sources */ = {isa = PBXBuildFile; fileRef = 0783DF19A0FE4061AF8CB2FF /* FilterUpdateManager.swift */; };
		857A72CB4CB84D79A56A5CAE /* DefaultFilterManifest.json in Resources */ = {isa = PBXBuildFile; fileRef = 148219CAF76C4E93AD37C016 /* DefaultFilterManifest.json */; };
		A1B2C3D4E5F6010101010101 /* AppLockSettings.swift in Sources */ = {isa = PBXBuildFile; fileRef = A1B2C3D4E5F6020202020201 /* AppLockSettings.swift */; };
		A1B2C3D4E5F6010101010102 /* AppLockSecretStore.swift in Sources */ = {isa = PBXBuildFile; fileRef = A1B2C3D4E5F6020202020202 /* AppLockSecretStore.swift */; };
		A1B2C3D4E5F6010101010103 /* AppLockBiometrics.swift in Sources */ = {isa = PBXBuildFile; fileRef = A1B2C3D4E5F6020202020203 /* AppLockBiometrics.swift */; };
		A1B2C3D4E5F6010101010104 /* AppLockCoordinator.swift in Sources */ = {isa = PBXBuildFile; fileRef = A1B2C3D4E5F6020202020204 /* AppLockCoordinator.swift */; };
		A1B2C3D4E5F6010101010105 /* AppLockViewController.swift in Sources */ = {isa = PBXBuildFile; fileRef = A1B2C3D4E5F6020202020205 /* AppLockViewController.swift */; };
		A1B2C3D4E5F6010101010106 /* PatternLockView.swift in Sources */ = {isa = PBXBuildFile; fileRef = A1B2C3D4E5F6020202020206 /* PatternLockView.swift */; };
		A1B2C3D4E5F6010101010107 /* AppLockSetupViewController.swift in Sources */ = {isa = PBXBuildFile; fileRef = A1B2C3D4E5F6020202020207 /* AppLockSetupViewController.swift */; };
		A1B2C3D4E5F6010101010108 /* AppLockPromptViewController.swift in Sources */ = {isa = PBXBuildFile; fileRef = A1B2C3D4E5F6020202020208 /* AppLockPromptViewController.swift */; };
		A1B2C3D4E5F6010101010109 /* AppLockSettingsViewController.swift in Sources */ = {isa = PBXBuildFile; fileRef = A1B2C3D4E5F6020202020209 /* AppLockSettingsViewController.swift */; };
		A1B2C3D4E5F6010101010110 /* PasscodeKeypadView.swift in Sources */ = {isa = PBXBuildFile; fileRef = A1B2C3D4E5F6020202020210 /* PasscodeKeypadView.swift */; };
		A1B2C3D4E5F6010101010120 /* NavigationDirectory.swift in Sources */ = {isa = PBXBuildFile; fileRef = A1B2C3D4E5F6020202020220 /* NavigationDirectory.swift */; };
		A1B2C3D4E5F6010101010121 /* FaviconImageView.swift in Sources */ = {isa = PBXBuildFile; fileRef = A1B2C3D4E5F6020202020221 /* FaviconImageView.swift */; };
		A1B2C3D4E5F6010101010130 /* GeolocationSpoof.swift in Sources */ = {isa = PBXBuildFile; fileRef = A1B2C3D4E5F6020202020230 /* GeolocationSpoof.swift */; };
		A1B2C3D4E5F6010101010131 /* LocationSettingsViewController.swift in Sources */ = {isa = PBXBuildFile; fileRef = A1B2C3D4E5F6020202020231 /* LocationSettingsViewController.swift */; };
		A1B2C3D4E5F6010101010132 /* LocationMapPickerViewController.swift in Sources */ = {isa = PBXBuildFile; fileRef = A1B2C3D4E5F6020202020232 /* LocationMapPickerViewController.swift */; };
/* End PBXBuildFile section */

/* Begin PBXFileReference section */
		00A238E7FC51408BA0111F44 /* HistoryViewController.swift */ = {isa = PBXFileReference; lastKnownFileType = sourcecode.swift; path = HistoryViewController.swift; sourceTree = "<group>"; };
		094FFB3CDC234AA8BFFC8140 /* BrowserTab.swift */ = {isa = PBXFileReference; lastKnownFileType = sourcecode.swift; path = BrowserTab.swift; sourceTree = "<group>"; };
		0B7E0BA721F0467CB355866F /* BrowserViewController.swift */ = {isa = PBXFileReference; lastKnownFileType = sourcecode.swift; path = BrowserViewController.swift; sourceTree = "<group>"; };
		12BD4B168F4A48569EA59EC0 /* ViewController.swift */ = {isa = PBXFileReference; lastKnownFileType = sourcecode.swift; path = ViewController.swift; sourceTree = "<group>"; };
		1779FCB4C5AF48C29F8F9FFA /* Theme.swift */ = {isa = PBXFileReference; lastKnownFileType = sourcecode.swift; path = Theme.swift; sourceTree = "<group>"; };
		1BEF9DC2EA4A4FECB9B302B7 /* HistoryStore.swift */ = {isa = PBXFileReference; lastKnownFileType = sourcecode.swift; path = HistoryStore.swift; sourceTree = "<group>"; };
		2647202205AE48D0A2EE427F /* DownloadManager.swift */ = {isa = PBXFileReference; lastKnownFileType = sourcecode.swift; path = DownloadManager.swift; sourceTree = "<group>"; };
		37FC46822386450BA067F7F5 /* Toast.swift */ = {isa = PBXFileReference; lastKnownFileType = sourcecode.swift; path = Toast.swift; sourceTree = "<group>"; };
		3979F26B75FD439E9108F7A7 /* LetterAvatarView.swift */ = {isa = PBXFileReference; lastKnownFileType = sourcecode.swift; path = LetterAvatarView.swift; sourceTree = "<group>"; };
		456119D548A6467F851BB6EE /* DangerousSiteGuard.swift */ = {isa = PBXFileReference; lastKnownFileType = sourcecode.swift; path = DangerousSiteGuard.swift; sourceTree = "<group>"; };
		4CFD381780DE41D3B96A4B5A /* GoogleLogoView.swift */ = {isa = PBXFileReference; lastKnownFileType = sourcecode.swift; path = GoogleLogoView.swift; sourceTree = "<group>"; };
		50D72133D7604D248E81F8DE /* FindInPageScript.swift */ = {isa = PBXFileReference; lastKnownFileType = sourcecode.swift; path = FindInPageScript.swift; sourceTree = "<group>"; };
		54722AEC801542858ECEB795 /* BottomToolbarView.swift */ = {isa = PBXFileReference; lastKnownFileType = sourcecode.swift; path = BottomToolbarView.swift; sourceTree = "<group>"; };
		5A666B2B1F4C3CE119311D9E /* Pods-MMBrowser.debug.xcconfig */ = {isa = PBXFileReference; includeInIndex = 1; lastKnownFileType = text.xcconfig; name = "Pods-MMBrowser.debug.xcconfig"; path = "Target Support Files/Pods-MMBrowser/Pods-MMBrowser.debug.xcconfig"; sourceTree = "<group>"; };
		5AC60CC55E9A2EC274446D93 /* Pods-MMBrowser.release.xcconfig */ = {isa = PBXFileReference; includeInIndex = 1; lastKnownFileType = text.xcconfig; name = "Pods-MMBrowser.release.xcconfig"; path = "Target Support Files/Pods-MMBrowser/Pods-MMBrowser.release.xcconfig"; sourceTree = "<group>"; };
		5D058F2F1254470E81555A52 /* SceneDelegate.swift */ = {isa = PBXFileReference; lastKnownFileType = sourcecode.swift; path = SceneDelegate.swift; sourceTree = "<group>"; };
		60184C61D54C43279DFD80C9 /* ClearBrowsingDataViewController.swift */ = {isa = PBXFileReference; lastKnownFileType = sourcecode.swift; path = ClearBrowsingDataViewController.swift; sourceTree = "<group>"; };
		66D0F5E3C1654B9BAEB7C43B /* ShortcutStore.swift */ = {isa = PBXFileReference; lastKnownFileType = sourcecode.swift; path = ShortcutStore.swift; sourceTree = "<group>"; };
		72957411D4864AC0B8541064 /* URLInputResolver.swift */ = {isa = PBXFileReference; lastKnownFileType = sourcecode.swift; path = URLInputResolver.swift; sourceTree = "<group>"; };
		84CA640C99484A4C865E5912 /* FindInPageBar.swift */ = {isa = PBXFileReference; lastKnownFileType = sourcecode.swift; path = FindInPageBar.swift; sourceTree = "<group>"; };
		84E02C1618E34EE4A38D4E1C /* AppDelegate.swift */ = {isa = PBXFileReference; lastKnownFileType = sourcecode.swift; path = AppDelegate.swift; sourceTree = "<group>"; };
		84E6B61029CD567E001723AE /* MMBrowser.app */ = {isa = PBXFileReference; explicitFileType = wrapper.application; includeInIndex = 0; path = MMBrowser.app; sourceTree = BUILT_PRODUCTS_DIR; };
		84E6B61C29CD5680001723AE /* Assets.xcassets */ = {isa = PBXFileReference; lastKnownFileType = folder.assetcatalog; path = Assets.xcassets; sourceTree = "<group>"; };
		84E6B61F29CD5680001723AE /* Base */ = {isa = PBXFileReference; lastKnownFileType = file.storyboard; name = Base; path = Base.lproj/LaunchScreen.storyboard; sourceTree = "<group>"; };
		84E6B62129CD5680001723AE /* Info.plist */ = {isa = PBXFileReference; lastKnownFileType = text.plist.xml; path = Info.plist; sourceTree = "<group>"; };
		857CEEC48A6442E486F25CB1 /* LongScreenshotCapturer.swift */ = {isa = PBXFileReference; lastKnownFileType = sourcecode.swift; path = LongScreenshotCapturer.swift; sourceTree = "<group>"; };
		8DD96938CCB3479484E2D530 /* SettingsViewController.swift */ = {isa = PBXFileReference; lastKnownFileType = sourcecode.swift; path = SettingsViewController.swift; sourceTree = "<group>"; };
		92B3D348CEA04C5189003BC8 /* WebViewController.swift */ = {isa = PBXFileReference; lastKnownFileType = sourcecode.swift; path = WebViewController.swift; sourceTree = "<group>"; };
		9BEFF87E8CE24C4584724613 /* SearchEngineManager.swift */ = {isa = PBXFileReference; lastKnownFileType = sourcecode.swift; path = SearchEngineManager.swift; sourceTree = "<group>"; };
		A3A9332F6F8349D1B899F2EF /* AddressBarView.swift */ = {isa = PBXFileReference; lastKnownFileType = sourcecode.swift; path = AddressBarView.swift; sourceTree = "<group>"; };
		A8F39F6791D34673BFA63E0B /* ReadingListViewController.swift */ = {isa = PBXFileReference; lastKnownFileType = sourcecode.swift; path = ReadingListViewController.swift; sourceTree = "<group>"; };
		B4BFF2E376570F7159D72FDE /* Pods_MMBrowser.framework */ = {isa = PBXFileReference; explicitFileType = wrapper.framework; includeInIndex = 0; path = Pods_MMBrowser.framework; sourceTree = BUILT_PRODUCTS_DIR; };
		B67A0C2C8812465E960FEC7A /* TabSwitcherViewController.swift */ = {isa = PBXFileReference; lastKnownFileType = sourcecode.swift; path = TabSwitcherViewController.swift; sourceTree = "<group>"; };
		B7D30F1A6E5C492D8A2B4C61 /* ScreenshotEditorViewController.swift */ = {isa = PBXFileReference; lastKnownFileType = sourcecode.swift; path = ScreenshotEditorViewController.swift; sourceTree = "<group>"; };
		BFE04E67D090450B987F05FB /* TabManager.swift */ = {isa = PBXFileReference; lastKnownFileType = sourcecode.swift; path = TabManager.swift; sourceTree = "<group>"; };
		D201F70CA9F44BF2B13F17C2 /* OnboardingViewController.swift */ = {isa = PBXFileReference; lastKnownFileType = sourcecode.swift; path = OnboardingViewController.swift; sourceTree = "<group>"; };
		D3B6BD940BB54D82A4066522 /* AppSettings.swift */ = {isa = PBXFileReference; lastKnownFileType = sourcecode.swift; path = AppSettings.swift; sourceTree = "<group>"; };
		D98DC3B0A2D148BEBE182F6C /* MenuViewController.swift */ = {isa = PBXFileReference; lastKnownFileType = sourcecode.swift; path = MenuViewController.swift; sourceTree = "<group>"; };
		DCDC601B9D5949C3A37929EE /* NewTabViewController.swift */ = {isa = PBXFileReference; lastKnownFileType = sourcecode.swift; path = NewTabViewController.swift; sourceTree = "<group>"; };
		81A1B2C3D4E54678A9B0C1D3 /* PrivateNewTabViewController.swift */ = {isa = PBXFileReference; lastKnownFileType = sourcecode.swift; path = PrivateNewTabViewController.swift; sourceTree = "<group>"; };
		82A1B2C3D4E54678A9B0C1D3 /* ImageBlockManager.swift */ = {isa = PBXFileReference; lastKnownFileType = sourcecode.swift; path = ImageBlockManager.swift; sourceTree = "<group>"; };
		B1C2D3E4F5A64789B0C1D2E3 /* PageCleanerStore.swift */ = {isa = PBXFileReference; lastKnownFileType = sourcecode.swift; path = PageCleanerStore.swift; sourceTree = "<group>"; };
		B1C2D3E4F5A64789B0C1D2E5 /* PageCleanerManager.swift */ = {isa = PBXFileReference; lastKnownFileType = sourcecode.swift; path = PageCleanerManager.swift; sourceTree = "<group>"; };
		B1C2D3E4F5A64789B0C1D2E9 /* PageCleanerRulesViewController.swift */ = {isa = PBXFileReference; lastKnownFileType = sourcecode.swift; path = PageCleanerRulesViewController.swift; sourceTree = "<group>"; };
		DD046D8ACFAE4B96AF0715F6 /* BookmarkStore.swift */ = {isa = PBXFileReference; lastKnownFileType = sourcecode.swift; path = BookmarkStore.swift; sourceTree = "<group>"; };
		DD4B7DF4CC5F48C390C9325C /* AdBlockManager.swift */ = {isa = PBXFileReference; lastKnownFileType = sourcecode.swift; path = AdBlockManager.swift; sourceTree = "<group>"; };
		E0348F54E284419696A84A8F /* ReadingListStore.swift */ = {isa = PBXFileReference; lastKnownFileType = sourcecode.swift; path = ReadingListStore.swift; sourceTree = "<group>"; };
		E248C7687DE44E8C99A7001F /* ReaderViewController.swift */ = {isa = PBXFileReference; lastKnownFileType = sourcecode.swift; path = ReaderViewController.swift; sourceTree = "<group>"; };
		E8CC67E16AD54E6D8184917D /* PrivacyInfoViewController.swift */ = {isa = PBXFileReference; lastKnownFileType = sourcecode.swift; path = PrivacyInfoViewController.swift; sourceTree = "<group>"; };
		ED5EF1A8CF7C4FDF9609AC37 /* DownloadsViewController.swift */ = {isa = PBXFileReference; lastKnownFileType = sourcecode.swift; path = DownloadsViewController.swift; sourceTree = "<group>"; };
		F1A2B3C4D5E64789A0B1C2D3 /* ScreenshotPerf.swift */ = {isa = PBXFileReference; lastKnownFileType = sourcecode.swift; path = ScreenshotPerf.swift; sourceTree = "<group>"; };
		F1EE201BBF964C068F934786 /* YouTubeDarkMode.swift */ = {isa = PBXFileReference; lastKnownFileType = sourcecode.swift; path = YouTubeDarkMode.swift; sourceTree = "<group>"; };
		F327BEAC2D914DAB9242A59E /* DiscoverMock.swift */ = {isa = PBXFileReference; lastKnownFileType = sourcecode.swift; path = DiscoverMock.swift; sourceTree = "<group>"; };
		FE55FD77142842FAB1482D62 /* BookmarksViewController.swift */ = {isa = PBXFileReference; lastKnownFileType = sourcecode.swift; path = BookmarksViewController.swift; sourceTree = "<group>"; };
		80B4B9A76DFE4E32A1FD3ADD /* YouTubeShortsFocus.swift */ = {isa = PBXFileReference; lastKnownFileType = sourcecode.swift; path = YouTubeShortsFocus.swift; sourceTree = "<group>"; };
		06A90094244742E9A90F6D53 /* YouTubeAdShield.swift */ = {isa = PBXFileReference; lastKnownFileType = sourcecode.swift; path = YouTubeAdShield.swift; sourceTree = "<group>"; };
		2F17FA7E6B9649618EC381DB /* MediaPlaybackSupport.swift */ = {isa = PBXFileReference; lastKnownFileType = sourcecode.swift; path = MediaPlaybackSupport.swift; sourceTree = "<group>"; };
		0783DF19A0FE4061AF8CB2FF /* FilterUpdateManager.swift */ = {isa = PBXFileReference; lastKnownFileType = sourcecode.swift; path = FilterUpdateManager.swift; sourceTree = "<group>"; };
		148219CAF76C4E93AD37C016 /* DefaultFilterManifest.json */ = {isa = PBXFileReference; lastKnownFileType = text.json; path = DefaultFilterManifest.json; sourceTree = "<group>"; };
		A1B2C3D4E5F6020202020201 /* AppLockSettings.swift */ = {isa = PBXFileReference; lastKnownFileType = sourcecode.swift; path = AppLockSettings.swift; sourceTree = "<group>"; };
		A1B2C3D4E5F6020202020202 /* AppLockSecretStore.swift */ = {isa = PBXFileReference; lastKnownFileType = sourcecode.swift; path = AppLockSecretStore.swift; sourceTree = "<group>"; };
		A1B2C3D4E5F6020202020203 /* AppLockBiometrics.swift */ = {isa = PBXFileReference; lastKnownFileType = sourcecode.swift; path = AppLockBiometrics.swift; sourceTree = "<group>"; };
		A1B2C3D4E5F6020202020204 /* AppLockCoordinator.swift */ = {isa = PBXFileReference; lastKnownFileType = sourcecode.swift; path = AppLockCoordinator.swift; sourceTree = "<group>"; };
		A1B2C3D4E5F6020202020205 /* AppLockViewController.swift */ = {isa = PBXFileReference; lastKnownFileType = sourcecode.swift; path = AppLockViewController.swift; sourceTree = "<group>"; };
		A1B2C3D4E5F6020202020206 /* PatternLockView.swift */ = {isa = PBXFileReference; lastKnownFileType = sourcecode.swift; path = PatternLockView.swift; sourceTree = "<group>"; };
		A1B2C3D4E5F6020202020207 /* AppLockSetupViewController.swift */ = {isa = PBXFileReference; lastKnownFileType = sourcecode.swift; path = AppLockSetupViewController.swift; sourceTree = "<group>"; };
		A1B2C3D4E5F6020202020208 /* AppLockPromptViewController.swift */ = {isa = PBXFileReference; lastKnownFileType = sourcecode.swift; path = AppLockPromptViewController.swift; sourceTree = "<group>"; };
		A1B2C3D4E5F6020202020209 /* AppLockSettingsViewController.swift */ = {isa = PBXFileReference; lastKnownFileType = sourcecode.swift; path = AppLockSettingsViewController.swift; sourceTree = "<group>"; };
		A1B2C3D4E5F6020202020210 /* PasscodeKeypadView.swift */ = {isa = PBXFileReference; lastKnownFileType = sourcecode.swift; path = PasscodeKeypadView.swift; sourceTree = "<group>"; };
		A1B2C3D4E5F6020202020220 /* NavigationDirectory.swift */ = {isa = PBXFileReference; lastKnownFileType = sourcecode.swift; path = NavigationDirectory.swift; sourceTree = "<group>"; };
		A1B2C3D4E5F6020202020221 /* FaviconImageView.swift */ = {isa = PBXFileReference; lastKnownFileType = sourcecode.swift; path = FaviconImageView.swift; sourceTree = "<group>"; };
		A1B2C3D4E5F6020202020230 /* GeolocationSpoof.swift */ = {isa = PBXFileReference; lastKnownFileType = sourcecode.swift; path = GeolocationSpoof.swift; sourceTree = "<group>"; };
		A1B2C3D4E5F6020202020231 /* LocationSettingsViewController.swift */ = {isa = PBXFileReference; lastKnownFileType = sourcecode.swift; path = LocationSettingsViewController.swift; sourceTree = "<group>"; };
		A1B2C3D4E5F6020202020232 /* LocationMapPickerViewController.swift */ = {isa = PBXFileReference; lastKnownFileType = sourcecode.swift; path = LocationMapPickerViewController.swift; sourceTree = "<group>"; };
/* End PBXFileReference section */

/* Begin PBXFrameworksBuildPhase section */
		84E6B60D29CD567E001723AE /* Frameworks */ = {
			isa = PBXFrameworksBuildPhase;
			buildActionMask = 2147483647;
			files = (
				F4230E564649AFAEA6DA985E /* Pods_MMBrowser.framework in Frameworks */,
			);
			runOnlyForDeploymentPostprocessing = 0;
		};
/* End PBXFrameworksBuildPhase section */

/* Begin PBXGroup section */
		01E11A63E266468B846C126C /* Downloads */ = {
			isa = PBXGroup;
			children = (
				2647202205AE48D0A2EE427F /* DownloadManager.swift */,
				ED5EF1A8CF7C4FDF9609AC37 /* DownloadsViewController.swift */,
			);
			path = Downloads;
			sourceTree = "<group>";
		};
		241EBB84AFD806EB799ACDCC /* Pods */ = {
			isa = PBXGroup;
			children = (
				5A666B2B1F4C3CE119311D9E /* Pods-MMBrowser.debug.xcconfig */,
				5AC60CC55E9A2EC274446D93 /* Pods-MMBrowser.release.xcconfig */,
			);
			path = Pods;
			sourceTree = "<group>";
		};
		3230A67BC46090DA91FBE41C /* Frameworks */ = {
			isa = PBXGroup;
			children = (
				B4BFF2E376570F7159D72FDE /* Pods_MMBrowser.framework */,
			);
			name = Frameworks;
			sourceTree = "<group>";
		};
		43B7E14A40184730A518F8B0 /* Reader */ = {
			isa = PBXGroup;
			children = (
				84CA640C99484A4C865E5912 /* FindInPageBar.swift */,
				50D72133D7604D248E81F8DE /* FindInPageScript.swift */,
				E248C7687DE44E8C99A7001F /* ReaderViewController.swift */,
			);
			path = Reader;
			sourceTree = "<group>";
		};
		4B8AD1CCCE0342199FE0F972 /* Settings */ = {
			isa = PBXGroup;
			children = (
				8DD96938CCB3479484E2D530 /* SettingsViewController.swift */,
				A1B2C3D4E5F6020202020231 /* LocationSettingsViewController.swift */,
				A1B2C3D4E5F6020202020232 /* LocationMapPickerViewController.swift */,
				B1C2D3E4F5A64789B0C1D2E9 /* PageCleanerRulesViewController.swift */,
			);
			path = Settings;
			sourceTree = "<group>";
		};
		57F24A7ADF7A41A2A2220D03 /* NewTab */ = {
			isa = PBXGroup;
			children = (
				F327BEAC2D914DAB9242A59E /* DiscoverMock.swift */,
				4CFD381780DE41D3B96A4B5A /* GoogleLogoView.swift */,
				DCDC601B9D5949C3A37929EE /* NewTabViewController.swift */,
				A1B2C3D4E5F6020202020221 /* FaviconImageView.swift */,
				A1B2C3D4E5F6020202020220 /* NavigationDirectory.swift */,
				81A1B2C3D4E54678A9B0C1D3 /* PrivateNewTabViewController.swift */,
			);
			path = NewTab;
			sourceTree = "<group>";
		};
		6373D704B4A94440ABBCB90E /* Library */ = {
			isa = PBXGroup;
			children = (
				DD046D8ACFAE4B96AF0715F6 /* BookmarkStore.swift */,
				FE55FD77142842FAB1482D62 /* BookmarksViewController.swift */,
				1BEF9DC2EA4A4FECB9B302B7 /* HistoryStore.swift */,
				00A238E7FC51408BA0111F44 /* HistoryViewController.swift */,
				66D0F5E3C1654B9BAEB7C43B /* ShortcutStore.swift */,
			);
			path = Library;
			sourceTree = "<group>";
		};
		78F642641055498AB60FC483 /* Search */ = {
			isa = PBXGroup;
			children = (
				9BEFF87E8CE24C4584724613 /* SearchEngineManager.swift */,
			);
			path = Search;
			sourceTree = "<group>";
		};
		84E6B60729CD567D001723AE = {
			isa = PBXGroup;
			children = (
				84E6B61229CD567E001723AE /* MMBrowser */,
				84E6B61129CD567E001723AE /* Products */,
				241EBB84AFD806EB799ACDCC /* Pods */,
				3230A67BC46090DA91FBE41C /* Frameworks */,
			);
			sourceTree = "<group>";
		};
		84E6B61129CD567E001723AE /* Products */ = {
			isa = PBXGroup;
			children = (
				84E6B61029CD567E001723AE /* MMBrowser.app */,
			);
			name = Products;
			sourceTree = "<group>";
		};
		84E6B61229CD567E001723AE /* MMBrowser */ = {
			isa = PBXGroup;
			children = (
				84E02C1618E34EE4A38D4E1C /* AppDelegate.swift */,
				5D058F2F1254470E81555A52 /* SceneDelegate.swift */,
				12BD4B168F4A48569EA59EC0 /* ViewController.swift */,
				A247BF95D5D44368ACE4C974 /* Browser */,
				A1B2C3D4E5F6030303030301 /* AppLock */,
				D1A5510B1493499DB371F870 /* Common */,
				01E11A63E266468B846C126C /* Downloads */,
				6373D704B4A94440ABBCB90E /* Library */,
				E5F51385C860408AB5A76649 /* Menu */,
				57F24A7ADF7A41A2A2220D03 /* NewTab */,
				C0DD147D9D614DF3869C04E7 /* Onboarding */,
				A7E54A2A271941E0B4ACFFFB /* Privacy */,
				43B7E14A40184730A518F8B0 /* Reader */,
				A88F8D335E8C47B98777A7B2 /* ReadingList */,
				78F642641055498AB60FC483 /* Search */,
				4B8AD1CCCE0342199FE0F972 /* Settings */,
				8D2C0966F9C84573AE71F8B7 /* Tabs */,
				1AEDF1FC46E749B68C202044 /* Resources */,
				84E6B61C29CD5680001723AE /* Assets.xcassets */,
				84E6B61E29CD5680001723AE /* LaunchScreen.storyboard */,
				84E6B62129CD5680001723AE /* Info.plist */,
			);
			path = MMBrowser;
			sourceTree = "<group>";
		};
		8D2C0966F9C84573AE71F8B7 /* Tabs */ = {
			isa = PBXGroup;
			children = (
				094FFB3CDC234AA8BFFC8140 /* BrowserTab.swift */,
				BFE04E67D090450B987F05FB /* TabManager.swift */,
				B67A0C2C8812465E960FEC7A /* TabSwitcherViewController.swift */,
			);
			path = Tabs;
			sourceTree = "<group>";
		};
		A1B2C3D4E5F6030303030301 /* AppLock */ = {
			isa = PBXGroup;
			children = (
				A1B2C3D4E5F6020202020201 /* AppLockSettings.swift */,
				A1B2C3D4E5F6020202020202 /* AppLockSecretStore.swift */,
				A1B2C3D4E5F6020202020203 /* AppLockBiometrics.swift */,
				A1B2C3D4E5F6020202020204 /* AppLockCoordinator.swift */,
				A1B2C3D4E5F6020202020205 /* AppLockViewController.swift */,
				A1B2C3D4E5F6020202020206 /* PatternLockView.swift */,
				A1B2C3D4E5F6020202020207 /* AppLockSetupViewController.swift */,
				A1B2C3D4E5F6020202020208 /* AppLockPromptViewController.swift */,
				A1B2C3D4E5F6020202020209 /* AppLockSettingsViewController.swift */,
				A1B2C3D4E5F6020202020210 /* PasscodeKeypadView.swift */,
			);
			path = AppLock;
			sourceTree = "<group>";
		};
		A247BF95D5D44368ACE4C974 /* Browser */ = {
			isa = PBXGroup;
			children = (
				A3A9332F6F8349D1B899F2EF /* AddressBarView.swift */,
				54722AEC801542858ECEB795 /* BottomToolbarView.swift */,
				0B7E0BA721F0467CB355866F /* BrowserViewController.swift */,
				92B3D348CEA04C5189003BC8 /* WebViewController.swift */,
				857CEEC48A6442E486F25CB1 /* LongScreenshotCapturer.swift */,
				B7D30F1A6E5C492D8A2B4C61 /* ScreenshotEditorViewController.swift */,
				F1EE201BBF964C068F934786 /* YouTubeDarkMode.swift */,
				2F17FA7E6B9649618EC381DB /* MediaPlaybackSupport.swift */,
				06A90094244742E9A90F6D53 /* YouTubeAdShield.swift */,
				80B4B9A76DFE4E32A1FD3ADD /* YouTubeShortsFocus.swift */,
			);
			path = Browser;
			sourceTree = "<group>";
		};
		A7E54A2A271941E0B4ACFFFB /* Privacy */ = {
			isa = PBXGroup;
			children = (
				60184C61D54C43279DFD80C9 /* ClearBrowsingDataViewController.swift */,
				456119D548A6467F851BB6EE /* DangerousSiteGuard.swift */,
				E8CC67E16AD54E6D8184917D /* PrivacyInfoViewController.swift */,
			);
			path = Privacy;
			sourceTree = "<group>";
		};
		A88F8D335E8C47B98777A7B2 /* ReadingList */ = {
			isa = PBXGroup;
			children = (
				E0348F54E284419696A84A8F /* ReadingListStore.swift */,
				A8F39F6791D34673BFA63E0B /* ReadingListViewController.swift */,
			);
			path = ReadingList;
			sourceTree = "<group>";
		};
		C0DD147D9D614DF3869C04E7 /* Onboarding */ = {
			isa = PBXGroup;
			children = (
				D201F70CA9F44BF2B13F17C2 /* OnboardingViewController.swift */,
			);
			path = Onboarding;
			sourceTree = "<group>";
		};
		D1A5510B1493499DB371F870 /* Common */ = {
			isa = PBXGroup;
			children = (
				DD4B7DF4CC5F48C390C9325C /* AdBlockManager.swift */,
				0783DF19A0FE4061AF8CB2FF /* FilterUpdateManager.swift */,
				82A1B2C3D4E54678A9B0C1D3 /* ImageBlockManager.swift */,
				B1C2D3E4F5A64789B0C1D2E5 /* PageCleanerManager.swift */,
				B1C2D3E4F5A64789B0C1D2E3 /* PageCleanerStore.swift */,
				D3B6BD940BB54D82A4066522 /* AppSettings.swift */,
				A1B2C3D4E5F6020202020230 /* GeolocationSpoof.swift */,
				3979F26B75FD439E9108F7A7 /* LetterAvatarView.swift */,
				1779FCB4C5AF48C29F8F9FFA /* Theme.swift */,
				37FC46822386450BA067F7F5 /* Toast.swift */,
				F1A2B3C4D5E64789A0B1C2D3 /* ScreenshotPerf.swift */,
				72957411D4864AC0B8541064 /* URLInputResolver.swift */,
			);
			path = Common;
			sourceTree = "<group>";
		};
		E5F51385C860408AB5A76649 /* Menu */ = {
			isa = PBXGroup;
			children = (
				D98DC3B0A2D148BEBE182F6C /* MenuViewController.swift */,
			);
			path = Menu;
			sourceTree = "<group>";
		};
		1AEDF1FC46E749B68C202044 /* Resources */ = {
			isa = PBXGroup;
			children = (
				148219CAF76C4E93AD37C016 /* DefaultFilterManifest.json */,
			);
			path = Resources;
			sourceTree = "<group>";
		};
/* End PBXGroup section */

/* Begin PBXNativeTarget section */
		84E6B60F29CD567E001723AE /* MMBrowser */ = {
			isa = PBXNativeTarget;
			buildConfigurationList = 84E6B62429CD5680001723AE /* Build configuration list for PBXNativeTarget "MMBrowser" */;
			buildPhases = (
				73036A37A4EA493EACF73FFC /* [CP] Check Pods Manifest.lock */,
				84E6B60C29CD567E001723AE /* Sources */,
				84E6B60D29CD567E001723AE /* Frameworks */,
				84E6B60E29CD567E001723AE /* Resources */,
				24F45F471C0BFCBFDE17C8F0 /* [CP] Embed Pods Frameworks */,
			);
			buildRules = (
			);
			dependencies = (
			);
			name = MMBrowser;
			productName = MMBrowser;
			productReference = 84E6B61029CD567E001723AE /* MMBrowser.app */;
			productType = "com.apple.product-type.application";
		};
/* End PBXNativeTarget section */

/* Begin PBXProject section */
		84E6B60829CD567D001723AE /* Project object */ = {
			isa = PBXProject;
			attributes = {
				BuildIndependentTargetsInParallel = 1;
				LastSwiftUpdateCheck = 1420;
				LastUpgradeCheck = 1420;
				TargetAttributes = {
					84E6B60F29CD567E001723AE = {
						CreatedOnToolsVersion = 14.2;
					};
				};
			};
			buildConfigurationList = 84E6B60B29CD567D001723AE /* Build configuration list for PBXProject "MMBrowser" */;
			compatibilityVersion = "Xcode 14.0";
			developmentRegion = en;
			hasScannedForEncodings = 0;
			knownRegions = (
				en,
				Base,
			);
			mainGroup = 84E6B60729CD567D001723AE;
			productRefGroup = 84E6B61129CD567E001723AE /* Products */;
			projectDirPath = "";
			projectRoot = "";
			targets = (
				84E6B60F29CD567E001723AE /* MMBrowser */,
			);
		};
/* End PBXProject section */

/* Begin PBXResourcesBuildPhase section */
		84E6B60E29CD567E001723AE /* Resources */ = {
			isa = PBXResourcesBuildPhase;
			buildActionMask = 2147483647;
			files = (
				84E6B62029CD5680001723AE /* LaunchScreen.storyboard in Resources */,
				857A72CB4CB84D79A56A5CAE /* DefaultFilterManifest.json in Resources */,
				84E6B61D29CD5680001723AE /* Assets.xcassets in Resources */,
			);
			runOnlyForDeploymentPostprocessing = 0;
		};
/* End PBXResourcesBuildPhase section */

/* Begin PBXShellScriptBuildPhase section */
		24F45F471C0BFCBFDE17C8F0 /* [CP] Embed Pods Frameworks */ = {
			isa = PBXShellScriptBuildPhase;
			buildActionMask = 2147483647;
			files = (
			);
			inputFileListPaths = (
				"${PODS_ROOT}/Target Support Files/Pods-MMBrowser/Pods-MMBrowser-frameworks-${CONFIGURATION}-input-files.xcfilelist",
			);
			inputPaths = (
			);
			name = "[CP] Embed Pods Frameworks";
			outputFileListPaths = (
				"${PODS_ROOT}/Target Support Files/Pods-MMBrowser/Pods-MMBrowser-frameworks-${CONFIGURATION}-output-files.xcfilelist",
			);
			outputPaths = (
			);
			runOnlyForDeploymentPostprocessing = 0;
			shellPath = /bin/sh;
			shellScript = "\"${PODS_ROOT}/Target Support Files/Pods-MMBrowser/Pods-MMBrowser-frameworks.sh\"\n";
			showEnvVarsInLog = 0;
		};
		73036A37A4EA493EACF73FFC /* [CP] Check Pods Manifest.lock */ = {
			isa = PBXShellScriptBuildPhase;
			buildActionMask = 2147483647;
			files = (
			);
			inputFileListPaths = (
			);
			inputPaths = (
				"${PODS_PODFILE_DIR_PATH}/Podfile.lock",
				"${PODS_ROOT}/Manifest.lock",
			);
			name = "[CP] Check Pods Manifest.lock";
			outputFileListPaths = (
			);
			outputPaths = (
				"$(DERIVED_FILE_DIR)/Pods-MMBrowser-checkManifestLockResult.txt",
			);
			runOnlyForDeploymentPostprocessing = 0;
			shellPath = /bin/sh;
			shellScript = "diff \"${PODS_PODFILE_DIR_PATH}/Podfile.lock\" \"${PODS_ROOT}/Manifest.lock\" > /dev/null\nif [ $? != 0 ] ; then\n    # print error to STDERR\n    echo \"error: The sandbox is not in sync with the Podfile.lock. Run 'pod install' or update your CocoaPods installation.\" >&2\n    exit 1\nfi\n# This output is used by Xcode 'outputs' to avoid re-running this script phase.\necho \"SUCCESS\" > \"${SCRIPT_OUTPUT_FILE_0}\"\n";
			showEnvVarsInLog = 0;
		};
/* End PBXShellScriptBuildPhase section */

/* Begin PBXSourcesBuildPhase section */
		84E6B60C29CD567E001723AE /* Sources */ = {
			isa = PBXSourcesBuildPhase;
			buildActionMask = 2147483647;
			files = (
				DBB117AB06114DC1B248B14A /* AppDelegate.swift in Sources */,
				954C5137A7144B8C9E795785 /* AddressBarView.swift in Sources */,
				DAC6847DF1C5402ABCCBABC5 /* BottomToolbarView.swift in Sources */,
				7CF0C1E12B924A02BE0920B0 /* BrowserViewController.swift in Sources */,
				A2930C25C97F4D61BD386517 /* WebViewController.swift in Sources */,
				A72010760AE142E88DC802F8 /* LongScreenshotCapturer.swift in Sources */,
				C8E41A2B7F6D4A1E9B3C5D70 /* ScreenshotEditorViewController.swift in Sources */,
				E926465A783245B4904A71AD /* YouTubeDarkMode.swift in Sources */,
				2407C85515E24617A4EF10BA /* YouTubeShortsFocus.swift in Sources */,
				C718289B0C194FE69766C497 /* YouTubeAdShield.swift in Sources */,
				09FB7CC9808A4DD0A7C8E3AC /* MediaPlaybackSupport.swift in Sources */,
				7327DB1D31CC49F6AF6A888E /* FilterUpdateManager.swift in Sources */,
				E465FC0279854A2096A2DF80 /* AdBlockManager.swift in Sources */,
				82A1B2C3D4E54678A9B0C1D2 /* ImageBlockManager.swift in Sources */,
				B1C2D3E4F5A64789B0C1D2E4 /* PageCleanerStore.swift in Sources */,
				B1C2D3E4F5A64789B0C1D2E6 /* PageCleanerManager.swift in Sources */,
				B1C2D3E4F5A64789B0C1D2EA /* PageCleanerRulesViewController.swift in Sources */,
				7F319ABC1AF74FABA37DAF1D /* AppSettings.swift in Sources */,
				A1B2C3D4E5F6010101010130 /* GeolocationSpoof.swift in Sources */,
				5F551AC16CAD4143A1593E53 /* LetterAvatarView.swift in Sources */,
				47C017E84DF14D329312A9B6 /* Theme.swift in Sources */,
				90F8BD6BD7DB43AF80342259 /* Toast.swift in Sources */,
				E1A2B3C4D5E64789A0B1C2D3 /* ScreenshotPerf.swift in Sources */,
				C58A1413B374481F93E6D824 /* URLInputResolver.swift in Sources */,
				F28F14D6142F47C884D1BE09 /* DownloadManager.swift in Sources */,
				39B5B31AA5B34064830D0554 /* DownloadsViewController.swift in Sources */,
				F5FAA4028A4D495EA2A0FB69 /* BookmarkStore.swift in Sources */,
				7037106A32B340B980EF47E4 /* BookmarksViewController.swift in Sources */,
				8AFBF11FF64E4A1DB67FB6B5 /* HistoryStore.swift in Sources */,
				C6FE3A5ACA2542BD8010DE3F /* HistoryViewController.swift in Sources */,
				6B4C522E50E446F0926CDF34 /* ShortcutStore.swift in Sources */,
				813C7A167C0B42138866E92D /* MenuViewController.swift in Sources */,
				80CC8EC8F5864BAC97BF1E8E /* DiscoverMock.swift in Sources */,
				B2BA9449476846B08EE4A1BD /* GoogleLogoView.swift in Sources */,
				7C778606C8964F36874899A1 /* NewTabViewController.swift in Sources */,
				A1B2C3D4E5F6010101010121 /* FaviconImageView.swift in Sources */,
				A1B2C3D4E5F6010101010120 /* NavigationDirectory.swift in Sources */,
				81A1B2C3D4E54678A9B0C1D2 /* PrivateNewTabViewController.swift in Sources */,
				C5CC3025D67544A09B52DB05 /* OnboardingViewController.swift in Sources */,
				81FD47C9E67B4DE0B05CED50 /* ClearBrowsingDataViewController.swift in Sources */,
				72902D8D6B914EADAB7C35DF /* DangerousSiteGuard.swift in Sources */,
				F2B1B57129974773A3C8B6AF /* PrivacyInfoViewController.swift in Sources */,
				A4153472FE2745C1842E61D9 /* FindInPageBar.swift in Sources */,
				511134C2A659495F886AAE3C /* FindInPageScript.swift in Sources */,
				09129B1EA0E24FB4AFE10189 /* ReaderViewController.swift in Sources */,
				48C0A4946FCF422DB594031C /* ReadingListStore.swift in Sources */,
				8059335243A34AE1899FAA49 /* ReadingListViewController.swift in Sources */,
				5F0B0037046543C181F800BC /* SceneDelegate.swift in Sources */,
				1F1ED11741F74753815644DF /* SearchEngineManager.swift in Sources */,
				DDC66117ECB14AA7AB16EF37 /* SettingsViewController.swift in Sources */,
				A1B2C3D4E5F6010101010131 /* LocationSettingsViewController.swift in Sources */,
				A1B2C3D4E5F6010101010132 /* LocationMapPickerViewController.swift in Sources */,
				225CD882697F4D4E83068A67 /* BrowserTab.swift in Sources */,
				05EE9C9F5639484BA9BA6FF2 /* TabManager.swift in Sources */,
				E275E26CE7D145A49D4259E8 /* TabSwitcherViewController.swift in Sources */,
				3E002237DEF54CE88D630EE4 /* ViewController.swift in Sources */,
				A1B2C3D4E5F6010101010101 /* AppLockSettings.swift in Sources */,
				A1B2C3D4E5F6010101010102 /* AppLockSecretStore.swift in Sources */,
				A1B2C3D4E5F6010101010103 /* AppLockBiometrics.swift in Sources */,
				A1B2C3D4E5F6010101010104 /* AppLockCoordinator.swift in Sources */,
				A1B2C3D4E5F6010101010105 /* AppLockViewController.swift in Sources */,
				A1B2C3D4E5F6010101010106 /* PatternLockView.swift in Sources */,
				A1B2C3D4E5F6010101010107 /* AppLockSetupViewController.swift in Sources */,
				A1B2C3D4E5F6010101010108 /* AppLockPromptViewController.swift in Sources */,
				A1B2C3D4E5F6010101010109 /* AppLockSettingsViewController.swift in Sources */,
				A1B2C3D4E5F6010101010110 /* PasscodeKeypadView.swift in Sources */,
			);
			runOnlyForDeploymentPostprocessing = 0;
		};
/* End PBXSourcesBuildPhase section */

/* Begin PBXVariantGroup section */
		84E6B61E29CD5680001723AE /* LaunchScreen.storyboard */ = {
			isa = PBXVariantGroup;
			children = (
				84E6B61F29CD5680001723AE /* Base */,
			);
			name = LaunchScreen.storyboard;
			sourceTree = "<group>";
		};
/* End PBXVariantGroup section */

/* Begin XCBuildConfiguration section */
		84E6B62229CD5680001723AE /* Debug */ = {
			isa = XCBuildConfiguration;
			buildSettings = {
				ALWAYS_SEARCH_USER_PATHS = NO;
				CLANG_ANALYZER_NONNULL = YES;
				CLANG_ANALYZER_NUMBER_OBJECT_CONVERSION = YES_AGGRESSIVE;
				CLANG_CXX_LANGUAGE_STANDARD = "gnu++20";
				CLANG_ENABLE_MODULES = YES;
				CLANG_ENABLE_OBJC_ARC = YES;
				CLANG_ENABLE_OBJC_WEAK = YES;
				CLANG_WARN_BLOCK_CAPTURE_AUTORELEASING = YES;
				CLANG_WARN_BOOL_CONVERSION = YES;
				CLANG_WARN_COMMA = YES;
				CLANG_WARN_CONSTANT_CONVERSION = YES;
				CLANG_WARN_DEPRECATED_OBJC_IMPLEMENTATIONS = YES;
				CLANG_WARN_DIRECT_OBJC_ISA_USAGE = YES_ERROR;
				CLANG_WARN_DOCUMENTATION_COMMENTS = YES;
				CLANG_WARN_EMPTY_BODY = YES;
				CLANG_WARN_ENUM_CONVERSION = YES;
				CLANG_WARN_INFINITE_RECURSION = YES;
				CLANG_WARN_INT_CONVERSION = YES;
				CLANG_WARN_NON_LITERAL_NULL_CONVERSION = YES;
				CLANG_WARN_OBJC_IMPLICIT_RETAIN_SELF = YES;
				CLANG_WARN_OBJC_LITERAL_CONVERSION = YES;
				CLANG_WARN_OBJC_ROOT_CLASS = YES_ERROR;
				CLANG_WARN_QUOTED_INCLUDE_IN_FRAMEWORK_HEADER = YES;
				CLANG_WARN_RANGE_LOOP_ANALYSIS = YES;
				CLANG_WARN_STRICT_PROTOTYPES = YES;
				CLANG_WARN_SUSPICIOUS_MOVE = YES;
				CLANG_WARN_UNGUARDED_AVAILABILITY = YES_AGGRESSIVE;
				CLANG_WARN_UNREACHABLE_CODE = YES;
				CLANG_WARN__DUPLICATE_METHOD_MATCH = YES;
				COPY_PHASE_STRIP = NO;
				DEBUG_INFORMATION_FORMAT = dwarf;
				ENABLE_STRICT_OBJC_MSGSEND = YES;
				ENABLE_TESTABILITY = YES;
				GCC_C_LANGUAGE_STANDARD = gnu11;
				GCC_DYNAMIC_NO_PIC = NO;
				GCC_NO_COMMON_BLOCKS = YES;
				GCC_OPTIMIZATION_LEVEL = 0;
				GCC_PREPROCESSOR_DEFINITIONS = (
					"DEBUG=1",
					"$(inherited)",
				);
				GCC_WARN_64_TO_32_BIT_CONVERSION = YES;
				GCC_WARN_ABOUT_RETURN_TYPE = YES_ERROR;
				GCC_WARN_UNDECLARED_SELECTOR = YES;
				GCC_WARN_UNINITIALIZED_AUTOS = YES_AGGRESSIVE;
				GCC_WARN_UNUSED_FUNCTION = YES;
				GCC_WARN_UNUSED_VARIABLE = YES;
				IPHONEOS_DEPLOYMENT_TARGET = 13.0;
				MTL_ENABLE_DEBUG_INFO = INCLUDE_SOURCE;
				MTL_FAST_MATH = YES;
				ONLY_ACTIVE_ARCH = YES;
				SDKROOT = iphoneos;
				SWIFT_ACTIVE_COMPILATION_CONDITIONS = DEBUG;
				SWIFT_OPTIMIZATION_LEVEL = "-Onone";
			};
			name = Debug;
		};
		84E6B62329CD5680001723AE /* Release */ = {
			isa = XCBuildConfiguration;
			buildSettings = {
				ALWAYS_SEARCH_USER_PATHS = NO;
				CLANG_ANALYZER_NONNULL = YES;
				CLANG_ANALYZER_NUMBER_OBJECT_CONVERSION = YES_AGGRESSIVE;
				CLANG_CXX_LANGUAGE_STANDARD = "gnu++20";
				CLANG_ENABLE_MODULES = YES;
				CLANG_ENABLE_OBJC_ARC = YES;
				CLANG_ENABLE_OBJC_WEAK = YES;
				CLANG_WARN_BLOCK_CAPTURE_AUTORELEASING = YES;
				CLANG_WARN_BOOL_CONVERSION = YES;
				CLANG_WARN_COMMA = YES;
				CLANG_WARN_CONSTANT_CONVERSION = YES;
				CLANG_WARN_DEPRECATED_OBJC_IMPLEMENTATIONS = YES;
				CLANG_WARN_DIRECT_OBJC_ISA_USAGE = YES_ERROR;
				CLANG_WARN_DOCUMENTATION_COMMENTS = YES;
				CLANG_WARN_EMPTY_BODY = YES;
				CLANG_WARN_ENUM_CONVERSION = YES;
				CLANG_WARN_INFINITE_RECURSION = YES;
				CLANG_WARN_INT_CONVERSION = YES;
				CLANG_WARN_NON_LITERAL_NULL_CONVERSION = YES;
				CLANG_WARN_OBJC_IMPLICIT_RETAIN_SELF = YES;
				CLANG_WARN_OBJC_LITERAL_CONVERSION = YES;
				CLANG_WARN_OBJC_ROOT_CLASS = YES_ERROR;
				CLANG_WARN_QUOTED_INCLUDE_IN_FRAMEWORK_HEADER = YES;
				CLANG_WARN_RANGE_LOOP_ANALYSIS = YES;
				CLANG_WARN_STRICT_PROTOTYPES = YES;
				CLANG_WARN_SUSPICIOUS_MOVE = YES;
				CLANG_WARN_UNGUARDED_AVAILABILITY = YES_AGGRESSIVE;
				CLANG_WARN_UNREACHABLE_CODE = YES;
				CLANG_WARN__DUPLICATE_METHOD_MATCH = YES;
				COPY_PHASE_STRIP = NO;
				DEBUG_INFORMATION_FORMAT = "dwarf-with-dsym";
				ENABLE_NS_ASSERTIONS = NO;
				ENABLE_STRICT_OBJC_MSGSEND = YES;
				GCC_C_LANGUAGE_STANDARD = gnu11;
				GCC_NO_COMMON_BLOCKS = YES;
				GCC_WARN_64_TO_32_BIT_CONVERSION = YES;
				GCC_WARN_ABOUT_RETURN_TYPE = YES_ERROR;
				GCC_WARN_UNDECLARED_SELECTOR = YES;
				GCC_WARN_UNINITIALIZED_AUTOS = YES_AGGRESSIVE;
				GCC_WARN_UNUSED_FUNCTION = YES;
				GCC_WARN_UNUSED_VARIABLE = YES;
				IPHONEOS_DEPLOYMENT_TARGET = 13.0;
				MTL_ENABLE_DEBUG_INFO = NO;
				MTL_FAST_MATH = YES;
				SDKROOT = iphoneos;
				SWIFT_COMPILATION_MODE = wholemodule;
				SWIFT_OPTIMIZATION_LEVEL = "-O";
				VALIDATE_PRODUCT = YES;
			};
			name = Release;
		};
		84E6B62529CD5680001723AE /* Debug */ = {
			isa = XCBuildConfiguration;
			baseConfigurationReference = 5A666B2B1F4C3CE119311D9E /* Pods-MMBrowser.debug.xcconfig */;
			buildSettings = {
				ASSETCATALOG_COMPILER_APPICON_NAME = AppIcon;
				ASSETCATALOG_COMPILER_GLOBAL_ACCENT_COLOR_NAME = AccentColor;
				CODE_SIGN_STYLE = Automatic;
				CURRENT_PROJECT_VERSION = 1;
				DEVELOPMENT_TEAM = 8S748AQ4H7;
				GENERATE_INFOPLIST_FILE = YES;
				INFOPLIST_FILE = MMBrowser/Info.plist;
				INFOPLIST_KEY_UIApplicationSupportsIndirectInputEvents = YES;
				INFOPLIST_KEY_UILaunchStoryboardName = LaunchScreen;
				INFOPLIST_KEY_UISupportedInterfaceOrientations_iPad = "UIInterfaceOrientationPortrait UIInterfaceOrientationPortraitUpsideDown UIInterfaceOrientationLandscapeLeft UIInterfaceOrientationLandscapeRight";
				INFOPLIST_KEY_UISupportedInterfaceOrientations_iPhone = "UIInterfaceOrientationPortrait UIInterfaceOrientationLandscapeLeft UIInterfaceOrientationLandscapeRight";
				IPHONEOS_DEPLOYMENT_TARGET = 15.6;
				LD_RUNPATH_SEARCH_PATHS = (
					"$(inherited)",
					"@executable_path/Frameworks",
				);
				MARKETING_VERSION = 1.0.0;
				PRODUCT_BUNDLE_IDENTIFIER = com.offline.music.player.browser;
				PRODUCT_NAME = "$(TARGET_NAME)";
				SWIFT_EMIT_LOC_STRINGS = YES;
				SWIFT_VERSION = 5.0;
				TARGETED_DEVICE_FAMILY = "1,2";
			};
			name = Debug;
		};
		84E6B62629CD5680001723AE /* Release */ = {
			isa = XCBuildConfiguration;
			baseConfigurationReference = 5AC60CC55E9A2EC274446D93 /* Pods-MMBrowser.release.xcconfig */;
			buildSettings = {
				ASSETCATALOG_COMPILER_APPICON_NAME = AppIcon;
				ASSETCATALOG_COMPILER_GLOBAL_ACCENT_COLOR_NAME = AccentColor;
				CODE_SIGN_STYLE = Automatic;
				CURRENT_PROJECT_VERSION = 1;
				DEVELOPMENT_TEAM = 8S748AQ4H7;
				GENERATE_INFOPLIST_FILE = YES;
				INFOPLIST_FILE = MMBrowser/Info.plist;
				INFOPLIST_KEY_UIApplicationSupportsIndirectInputEvents = YES;
				INFOPLIST_KEY_UILaunchStoryboardName = LaunchScreen;
				INFOPLIST_KEY_UISupportedInterfaceOrientations_iPad = "UIInterfaceOrientationPortrait UIInterfaceOrientationPortraitUpsideDown UIInterfaceOrientationLandscapeLeft UIInterfaceOrientationLandscapeRight";
				INFOPLIST_KEY_UISupportedInterfaceOrientations_iPhone = "UIInterfaceOrientationPortrait UIInterfaceOrientationLandscapeLeft UIInterfaceOrientationLandscapeRight";
				IPHONEOS_DEPLOYMENT_TARGET = 15.6;
				LD_RUNPATH_SEARCH_PATHS = (
					"$(inherited)",
					"@executable_path/Frameworks",
				);
				MARKETING_VERSION = 1.0.0;
				PRODUCT_BUNDLE_IDENTIFIER = com.offline.music.player.browser;
				PRODUCT_NAME = "$(TARGET_NAME)";
				SWIFT_EMIT_LOC_STRINGS = YES;
				SWIFT_VERSION = 5.0;
				TARGETED_DEVICE_FAMILY = "1,2";
			};
			name = Release;
		};
/* End XCBuildConfiguration section */

/* Begin XCConfigurationList section */
		84E6B60B29CD567D001723AE /* Build configuration list for PBXProject "MMBrowser" */ = {
			isa = XCConfigurationList;
			buildConfigurations = (
				84E6B62229CD5680001723AE /* Debug */,
				84E6B62329CD5680001723AE /* Release */,
			);
			defaultConfigurationIsVisible = 0;
			defaultConfigurationName = Debug;
		};
		84E6B62429CD5680001723AE /* Build configuration list for PBXNativeTarget "MMBrowser" */ = {
			isa = XCConfigurationList;
			buildConfigurations = (
				84E6B62529CD5680001723AE /* Debug */,
				84E6B62629CD5680001723AE /* Release */,
			);
			defaultConfigurationIsVisible = 0;
			defaultConfigurationName = Debug;
		};
/* End XCConfigurationList section */
	};
	rootObject = 84E6B60829CD567D001723AE /* Project object */;
}
